
Microsoft Visual Studio Solution File, Format Version 12.00
# Visual Studio 2012
Project("{FAE04EC0-301F-11D3-BF4B-00C04F79EFBC}") = "ProductInventory.DataLayer", "ProductInventory.DataLayer\ProductInventory.DataLayer.csproj", "{D1A6C086-0937-438A-8D86-549DD45A0EC4}"
EndProject
Project("{FAE04EC0-301F-11D3-BF4B-00C04F79EFBC}") = "ProductInventory.IntegrationTests", "ProductInventory.IntegrationTests\ProductInventory.IntegrationTests.csproj", "{BC5D53EA-2862-49F3-AF8A-EC688A785E4E}"
EndProject
Global
	GlobalSection(SolutionConfigurationPlatforms) = preSolution
		Debug|Any CPU = Debug|Any CPU
		Release|Any CPU = Release|Any CPU
	EndGlobalSection
	GlobalSection(ProjectConfigurationPlatforms) = postSolution
		{D1A6C086-0937-438A-8D86-549DD45A0EC4}.Debug|Any CPU.ActiveCfg = Debug|Any CPU
		{D1A6C086-0937-438A-8D86-549DD45A0EC4}.Debug|Any CPU.Build.0 = Debug|Any CPU
		{D1A6C086-0937-438A-8D86-549DD45A0EC4}.Release|Any CPU.ActiveCfg = Release|Any CPU
		{D1A6C086-0937-438A-8D86-549DD45A0EC4}.Release|Any CPU.Build.0 = Release|Any CPU
		{BC5D53EA-2862-49F3-AF8A-EC688A785E4E}.Debug|Any CPU.ActiveCfg = Debug|Any CPU
		{BC5D53EA-2862-49F3-AF8A-EC688A785E4E}.Debug|Any CPU.Build.0 = Debug|Any CPU
		{BC5D53EA-2862-49F3-AF8A-EC688A785E4E}.Release|Any CPU.ActiveCfg = Release|Any CPU
		{BC5D53EA-2862-49F3-AF8A-EC688A785E4E}.Release|Any CPU.Build.0 = Release|Any CPU
	EndGlobalSection
	GlobalSection(SolutionProperties) = preSolution
		HideSolutionNode = FALSE
	EndGlobalSection
EndGlobal
